// !$*UTF8*$!
{
	archiveVersion = 1;
	classes = {
	};
	objectVersion = 55;
	objects = {

/* Begin PBXBuildFile section */
		4A2A3BB827BFEBDA0061788A /* AppDelegate.swift in Sources */ = {isa = PBXBuildFile; fileRef = 4A2A3BB727BFEBDA0061788A /* AppDelegate.swift */; };
		4A2A3BBA27BFEBDA0061788A /* GameScene.sks in Resources */ = {isa = PBXBuildFile; fileRef = 4A2A3BB927BFEBDA0061788A /* GameScene.sks */; };
		4A2A3BBC27BFEBDA0061788A /* Actions.sks in Resources */ = {isa = PBXBuildFile; fileRef = 4A2A3BBB27BFEBDA0061788A /* Actions.sks */; };
		4A2A3BBE27BFEBDA0061788A /* GameScene.swift in Sources */ = {isa = PBXBuildFile; fileRef = 4A2A3BBD27BFEBDA0061788A /* GameScene.swift */; };
		4A2A3BC027BFEBDA0061788A /* GameViewController.swift in Sources */ = {isa = PBXBuildFile; fileRef = 4A2A3BBF27BFEBDA0061788A /* GameViewController.swift */; };
		4A2A3BC327BFEBDA0061788A /* Main.storyboard in Resources */ = {isa = PBXBuildFile; fileRef = 4A2A3BC127BFEBDA0061788A /* Main.storyboard */; };
		4A2A3BC527BFEBDB0061788A /* Assets.xcassets in Resources */ = {isa = PBXBuildFile; fileRef = 4A2A3BC427BFEBDB0061788A /* Assets.xcassets */; };
		4A2A3BC827BFEBDB0061788A /* LaunchScreen.storyboard in Resources */ = {isa = PBXBuildFile; fileRef = 4A2A3BC627BFEBDB0061788A /* LaunchScreen.storyboard */; };
		4A2A3BD127BFEC2B0061788A /* Level00-2.swift in Sources */ = {isa = PBXBuildFile; fileRef = 4A2A3BD027BFEC2B0061788A /* Level00-2.swift */; };
		4A2A3BD327BFEC330061788A /* Music.swift in Sources */ = {isa = PBXBuildFile; fileRef = 4A2A3BD227BFEC330061788A /* Music.swift */; };
		4A2A3BD527BFEC5F0061788A /* academy.wav in Resources */ = {isa = PBXBuildFile; fileRef = 4A2A3BD427BFEC5F0061788A /* academy.wav */; };
		4A4BB0D527D259FA00FFA534 /* CharacterMovementHandler.swift in Sources */ = {isa = PBXBuildFile; fileRef = 4A4BB0D427D259FA00FFA534 /* CharacterMovementHandler.swift */; };
		4A4BB0D727D26CA400FFA534 /* UIAnimationsHandler.swift in Sources */ = {isa = PBXBuildFile; fileRef = 4A4BB0D627D26CA400FFA534 /* UIAnimationsHandler.swift */; };
		4A6E625227C56AE800FAC06C /* LanguageHandler.swift in Sources */ = {isa = PBXBuildFile; fileRef = 4A6E625127C56AE800FAC06C /* LanguageHandler.swift */; };
		4A7B1D3C27C4ED9B0084F509 /* Level00-5.swift in Sources */ = {isa = PBXBuildFile; fileRef = 4A7B1D3B27C4ED9B0084F509 /* Level00-5.swift */; };
		4A87769727C3A38B002B966F /* LevelSelectionScreen.swift in Sources */ = {isa = PBXBuildFile; fileRef = 4A87769627C3A38B002B966F /* LevelSelectionScreen.swift */; };
		4A87769927C3A3BB002B966F /* PauseMenuHandler.swift in Sources */ = {isa = PBXBuildFile; fileRef = 4A87769827C3A3BB002B966F /* PauseMenuHandler.swift */; };
		4A959B8027D0FFAE001FF748 /* Level00.swift in Sources */ = {isa = PBXBuildFile; fileRef = 4A959B7F27D0FFAE001FF748 /* Level00.swift */; };
		4A959B8227D10393001FF748 /* open-door.mp3 in Resources */ = {isa = PBXBuildFile; fileRef = 4A959B8127D10393001FF748 /* open-door.mp3 */; };
		4ABFF95D27CE59EA00620C8B /* Level0VariableHandler.swift in Sources */ = {isa = PBXBuildFile; fileRef = 4ABFF95C27CE59EA00620C8B /* Level0VariableHandler.swift */; };
		4AEF692E27D78ED4006C5D5B /* SplashScreen.swift in Sources */ = {isa = PBXBuildFile; fileRef = 4AEF692D27D78ED4006C5D5B /* SplashScreen.swift */; };
		4AEF693027D78F8D006C5D5B /* Specular_Level0.wav in Resources */ = {isa = PBXBuildFile; fileRef = 4AEF692F27D78F8D006C5D5B /* Specular_Level0.wav */; };
		528D100C27C5282700BC4BB7 /* frame.atlas in Resources */ = {isa = PBXBuildFile; fileRef = 528D100B27C5282700BC4BB7 /* frame.atlas */; };
		528D100E27C541F100BC4BB7 /* TheEnd.swift in Sources */ = {isa = PBXBuildFile; fileRef = 528D100D27C541F100BC4BB7 /* TheEnd.swift */; };
		528F29DE27D797A10095CE3A /* prologue.swift in Sources */ = {isa = PBXBuildFile; fileRef = 528F29DD27D797A10095CE3A /* prologue.swift */; };
		52FF066F27C3D57D0041C232 /* Level00-3.swift in Sources */ = {isa = PBXBuildFile; fileRef = 52FF066E27C3D57D0041C232 /* Level00-3.swift */; };
		52FF067127C3D5920041C232 /* Level00-4.swift in Sources */ = {isa = PBXBuildFile; fileRef = 52FF067027C3D5920041C232 /* Level00-4.swift */; };
		A607285F27D103FC008E7910 /* cassetto.mp3 in Resources */ = {isa = PBXBuildFile; fileRef = A607285E27D103FC008E7910 /* cassetto.mp3 */; };
/* End PBXBuildFile section */

/* Begin PBXFileReference section */
		4A2A3BB427BFEBDA0061788A /* Specular-Game.app */ = {isa = PBXFileReference; explicitFileType = wrapper.application; includeInIndex = 0; path = "Specular-Game.app"; sourceTree = BUILT_PRODUCTS_DIR; };
		4A2A3BB727BFEBDA0061788A /* AppDelegate.swift */ = {isa = PBXFileReference; lastKnownFileType = sourcecode.swift; path = AppDelegate.swift; sourceTree = "<group>"; };
		4A2A3BB927BFEBDA0061788A /* GameScene.sks */ = {isa = PBXFileReference; lastKnownFileType = file.sks; path = GameScene.sks; sourceTree = "<group>"; };
		4A2A3BBB27BFEBDA0061788A /* Actions.sks */ = {isa = PBXFileReference; lastKnownFileType = file.sks; path = Actions.sks; sourceTree = "<group>"; };
		4A2A3BBD27BFEBDA0061788A /* GameScene.swift */ = {isa = PBXFileReference; lastKnownFileType = sourcecode.swift; path = GameScene.swift; sourceTree = "<group>"; };
		4A2A3BBF27BFEBDA0061788A /* GameViewController.swift */ = {isa = PBXFileReference; lastKnownFileType = sourcecode.swift; path = GameViewController.swift; sourceTree = "<group>"; };
		4A2A3BC227BFEBDA0061788A /* Base */ = {isa = PBXFileReference; lastKnownFileType = file.storyboard; name = Base; path = Base.lproj/Main.storyboard; sourceTree = "<group>"; };
		4A2A3BC427BFEBDB0061788A /* Assets.xcassets */ = {isa = PBXFileReference; lastKnownFileType = folder.assetcatalog; path = Assets.xcassets; sourceTree = "<group>"; };
		4A2A3BC727BFEBDB0061788A /* Base */ = {isa = PBXFileReference; lastKnownFileType = file.storyboard; name = Base; path = Base.lproj/LaunchScreen.storyboard; sourceTree = "<group>"; };
		4A2A3BD027BFEC2B0061788A /* Level00-2.swift */ = {isa = PBXFileReference; lastKnownFileType = sourcecode.swift; path = "Level00-2.swift"; sourceTree = "<group>"; };
		4A2A3BD227BFEC330061788A /* Music.swift */ = {isa = PBXFileReference; lastKnownFileType = sourcecode.swift; path = Music.swift; sourceTree = "<group>"; };
		4A2A3BD427BFEC5F0061788A /* academy.wav */ = {isa = PBXFileReference; lastKnownFileType = audio.wav; path = academy.wav; sourceTree = "<group>"; };
		4A4BB0D427D259FA00FFA534 /* CharacterMovementHandler.swift */ = {isa = PBXFileReference; lastKnownFileType = sourcecode.swift; path = CharacterMovementHandler.swift; sourceTree = "<group>"; };
		4A4BB0D627D26CA400FFA534 /* UIAnimationsHandler.swift */ = {isa = PBXFileReference; lastKnownFileType = sourcecode.swift; path = UIAnimationsHandler.swift; sourceTree = "<group>"; };
		4A6E625127C56AE800FAC06C /* LanguageHandler.swift */ = {isa = PBXFileReference; lastKnownFileType = sourcecode.swift; path = LanguageHandler.swift; sourceTree = "<group>"; };
		4A7B1D3B27C4ED9B0084F509 /* Level00-5.swift */ = {isa = PBXFileReference; lastKnownFileType = sourcecode.swift; path = "Level00-5.swift"; sourceTree = "<group>"; };
		4A87769627C3A38B002B966F /* LevelSelectionScreen.swift */ = {isa = PBXFileReference; lastKnownFileType = sourcecode.swift; path = LevelSelectionScreen.swift; sourceTree = "<group>"; };
		4A87769827C3A3BB002B966F /* PauseMenuHandler.swift */ = {isa = PBXFileReference; lastKnownFileType = sourcecode.swift; path = PauseMenuHandler.swift; sourceTree = "<group>"; };
		4A959B7F27D0FFAE001FF748 /* Level00.swift */ = {isa = PBXFileReference; lastKnownFileType = sourcecode.swift; path = Level00.swift; sourceTree = "<group>"; };
		4A959B8127D10393001FF748 /* open-door.mp3 */ = {isa = PBXFileReference; lastKnownFileType = audio.mp3; path = "open-door.mp3"; sourceTree = "<group>"; };
		4ABFF95C27CE59EA00620C8B /* Level0VariableHandler.swift */ = {isa = PBXFileReference; lastKnownFileType = sourcecode.swift; path = Level0VariableHandler.swift; sourceTree = "<group>"; };
		4AEF692D27D78ED4006C5D5B /* SplashScreen.swift */ = {isa = PBXFileReference; lastKnownFileType = sourcecode.swift; path = SplashScreen.swift; sourceTree = "<group>"; };
		4AEF692F27D78F8D006C5D5B /* Specular_Level0.wav */ = {isa = PBXFileReference; lastKnownFileType = audio.wav; path = Specular_Level0.wav; sourceTree = "<group>"; };
		528D100B27C5282700BC4BB7 /* frame.atlas */ = {isa = PBXFileReference; lastKnownFileType = folder.skatlas; path = frame.atlas; sourceTree = "<group>"; };
		528D100D27C541F100BC4BB7 /* TheEnd.swift */ = {isa = PBXFileReference; lastKnownFileType = sourcecode.swift; path = TheEnd.swift; sourceTree = "<group>"; };
		528F29DD27D797A10095CE3A /* prologue.swift */ = {isa = PBXFileReference; lastKnownFileType = sourcecode.swift; path = prologue.swift; sourceTree = "<group>"; };
		52FF066E27C3D57D0041C232 /* Level00-3.swift */ = {isa = PBXFileReference; lastKnownFileType = sourcecode.swift; path = "Level00-3.swift"; sourceTree = "<group>"; };
		52FF067027C3D5920041C232 /* Level00-4.swift */ = {isa = PBXFileReference; lastKnownFileType = sourcecode.swift; path = "Level00-4.swift"; sourceTree = "<group>"; };
		A607285E27D103FC008E7910 /* cassetto.mp3 */ = {isa = PBXFileReference; lastKnownFileType = audio.mp3; path = cassetto.mp3; sourceTree = "<group>"; };
/* End PBXFileReference section */

/* Begin PBXFrameworksBuildPhase section */
		4A2A3BB127BFEBDA0061788A /* Frameworks */ = {
			isa = PBXFrameworksBuildPhase;
			buildActionMask = 2147483647;
			files = (
			);
			runOnlyForDeploymentPostprocessing = 0;
		};
/* End PBXFrameworksBuildPhase section */

/* Begin PBXGroup section */
		4A2A3BAB27BFEBDA0061788A = {
			isa = PBXGroup;
			children = (
				4A2A3BB627BFEBDA0061788A /* Specular-Game */,
				4A2A3BB527BFEBDA0061788A /* Products */,
			);
			sourceTree = "<group>";
		};
		4A2A3BB527BFEBDA0061788A /* Products */ = {
			isa = PBXGroup;
			children = (
				4A2A3BB427BFEBDA0061788A /* Specular-Game.app */,
			);
			name = Products;
			sourceTree = "<group>";
		};
		4A2A3BB627BFEBDA0061788A /* Specular-Game */ = {
			isa = PBXGroup;
			children = (
				528D100B27C5282700BC4BB7 /* frame.atlas */,
				4A2A3BB727BFEBDA0061788A /* AppDelegate.swift */,
				4A2A3BB927BFEBDA0061788A /* GameScene.sks */,
				4A2A3BBB27BFEBDA0061788A /* Actions.sks */,
				4A2A3BBD27BFEBDA0061788A /* GameScene.swift */,
				4A2A3BBF27BFEBDA0061788A /* GameViewController.swift */,
				4A87769827C3A3BB002B966F /* PauseMenuHandler.swift */,
				4A6E625127C56AE800FAC06C /* LanguageHandler.swift */,
				4A2A3BD227BFEC330061788A /* Music.swift */,
				4AEF692D27D78ED4006C5D5B /* SplashScreen.swift */,
				4A7B1D3D27C4EE9B0084F509 /* Level 0 */,
				4A87769627C3A38B002B966F /* LevelSelectionScreen.swift */,
				4A2A3BC127BFEBDA0061788A /* Main.storyboard */,
				4A2A3BC427BFEBDB0061788A /* Assets.xcassets */,
				4A2A3BC627BFEBDB0061788A /* LaunchScreen.storyboard */,
				4A2A3BD427BFEC5F0061788A /* academy.wav */,
				4A959B8127D10393001FF748 /* open-door.mp3 */,
				A607285E27D103FC008E7910 /* cassetto.mp3 */,
				4AEF692F27D78F8D006C5D5B /* Specular_Level0.wav */,
			);
			path = "Specular-Game";
			sourceTree = "<group>";
		};
		4A7B1D3D27C4EE9B0084F509 /* Level 0 */ = {
			isa = PBXGroup;
			children = (
				4ABFF95C27CE59EA00620C8B /* Level0VariableHandler.swift */,
				528F29DD27D797A10095CE3A /* prologue.swift */,
				4A959B7F27D0FFAE001FF748 /* Level00.swift */,
				4A2A3BD027BFEC2B0061788A /* Level00-2.swift */,
				52FF066E27C3D57D0041C232 /* Level00-3.swift */,
				52FF067027C3D5920041C232 /* Level00-4.swift */,
				4A7B1D3B27C4ED9B0084F509 /* Level00-5.swift */,
				528D100D27C541F100BC4BB7 /* TheEnd.swift */,
				4A4BB0D427D259FA00FFA534 /* CharacterMovementHandler.swift */,
				4A4BB0D627D26CA400FFA534 /* UIAnimationsHandler.swift */,
			);
			path = "Level 0";
			sourceTree = "<group>";
		};
/* End PBXGroup section */

/* Begin PBXNativeTarget section */
		4A2A3BB327BFEBDA0061788A /* Specular-Game */ = {
			isa = PBXNativeTarget;
			buildConfigurationList = 4A2A3BCB27BFEBDB0061788A /* Build configuration list for PBXNativeTarget "Specular-Game" */;
			buildPhases = (
				4A2A3BB027BFEBDA0061788A /* Sources */,
				4A2A3BB127BFEBDA0061788A /* Frameworks */,
				4A2A3BB227BFEBDA0061788A /* Resources */,
			);
			buildRules = (
			);
			dependencies = (
			);
			name = "Specular-Game";
			productName = "Specular-Game";
			productReference = 4A2A3BB427BFEBDA0061788A /* Specular-Game.app */;
			productType = "com.apple.product-type.application";
		};
/* End PBXNativeTarget section */

/* Begin PBXProject section */
		4A2A3BAC27BFEBDA0061788A /* Project object */ = {
			isa = PBXProject;
			attributes = {
				BuildIndependentTargetsInParallel = 1;
				LastSwiftUpdateCheck = 1300;
				LastUpgradeCheck = 1300;
				TargetAttributes = {
					4A2A3BB327BFEBDA0061788A = {
						CreatedOnToolsVersion = 13.0;
					};
				};
			};
			buildConfigurationList = 4A2A3BAF27BFEBDA0061788A /* Build configuration list for PBXProject "Specular-Game" */;
			compatibilityVersion = "Xcode 13.0";
			developmentRegion = en;
			hasScannedForEncodings = 0;
			knownRegions = (
				en,
				Base,
			);
			mainGroup = 4A2A3BAB27BFEBDA0061788A;
			productRefGroup = 4A2A3BB527BFEBDA0061788A /* Products */;
			projectDirPath = "";
			projectRoot = "";
			targets = (
				4A2A3BB327BFEBDA0061788A /* Specular-Game */,
			);
		};
/* End PBXProject section */

/* Begin PBXResourcesBuildPhase section */
		4A2A3BB227BFEBDA0061788A /* Resources */ = {
			isa = PBXResourcesBuildPhase;
			buildActionMask = 2147483647;
			files = (
				4A2A3BC327BFEBDA0061788A /* Main.storyboard in Resources */,
				4A2A3BBA27BFEBDA0061788A /* GameScene.sks in Resources */,
				4A2A3BC527BFEBDB0061788A /* Assets.xcassets in Resources */,
				4AEF693027D78F8D006C5D5B /* Specular_Level0.wav in Resources */,
				4A2A3BD527BFEC5F0061788A /* academy.wav in Resources */,
				4A2A3BC827BFEBDB0061788A /* LaunchScreen.storyboard in Resources */,
				A607285F27D103FC008E7910 /* cassetto.mp3 in Resources */,
				528D100C27C5282700BC4BB7 /* frame.atlas in Resources */,
				4A959B8227D10393001FF748 /* open-door.mp3 in Resources */,
				4A2A3BBC27BFEBDA0061788A /* Actions.sks in Resources */,
			);
			runOnlyForDeploymentPostprocessing = 0;
		};
/* End PBXResourcesBuildPhase section */

/* Begin PBXSourcesBuildPhase section */
		4A2A3BB027BFEBDA0061788A /* Sources */ = {
			isa = PBXSourcesBuildPhase;
			buildActionMask = 2147483647;
			files = (
				4A7B1D3C27C4ED9B0084F509 /* Level00-5.swift in Sources */,
				4A2A3BBE27BFEBDA0061788A /* GameScene.swift in Sources */,
				4A87769927C3A3BB002B966F /* PauseMenuHandler.swift in Sources */,
				4A4BB0D727D26CA400FFA534 /* UIAnimationsHandler.swift in Sources */,
				4A2A3BC027BFEBDA0061788A /* GameViewController.swift in Sources */,
				4A4BB0D527D259FA00FFA534 /* CharacterMovementHandler.swift in Sources */,
				4A87769727C3A38B002B966F /* LevelSelectionScreen.swift in Sources */,
				4A2A3BD127BFEC2B0061788A /* Level00-2.swift in Sources */,
				528F29DE27D797A10095CE3A /* prologue.swift in Sources */,
				528D100E27C541F100BC4BB7 /* TheEnd.swift in Sources */,
				4AEF692E27D78ED4006C5D5B /* SplashScreen.swift in Sources */,
				52FF066F27C3D57D0041C232 /* Level00-3.swift in Sources */,
				4A6E625227C56AE800FAC06C /* LanguageHandler.swift in Sources */,
				4A2A3BB827BFEBDA0061788A /* AppDelegate.swift in Sources */,
				4A2A3BD327BFEC330061788A /* Music.swift in Sources */,
				4ABFF95D27CE59EA00620C8B /* Level0VariableHandler.swift in Sources */,
				4A959B8027D0FFAE001FF748 /* Level00.swift in Sources */,
				52FF067127C3D5920041C232 /* Level00-4.swift in Sources */,
			);
			runOnlyForDeploymentPostprocessing = 0;
		};
/* End PBXSourcesBuildPhase section */

/* Begin PBXVariantGroup section */
		4A2A3BC127BFEBDA0061788A /* Main.storyboard */ = {
			isa = PBXVariantGroup;
			children = (
				4A2A3BC227BFEBDA0061788A /* Base */,
			);
			name = Main.storyboard;
			sourceTree = "<group>";
		};
		4A2A3BC627BFEBDB0061788A /* LaunchScreen.storyboard */ = {
			isa = PBXVariantGroup;
			children = (
				4A2A3BC727BFEBDB0061788A /* Base */,
			);
			name = LaunchScreen.storyboard;
			sourceTree = "<group>";
		};
/* End PBXVariantGroup section */

/* Begin XCBuildConfiguration section */
		4A2A3BC927BFEBDB0061788A /* Debug */ = {
			isa = XCBuildConfiguration;
			buildSettings = {
				ALWAYS_SEARCH_USER_PATHS = NO;
				CLANG_ANALYZER_NONNULL = YES;
				CLANG_ANALYZER_NUMBER_OBJECT_CONVERSION = YES_AGGRESSIVE;
				CLANG_CXX_LANGUAGE_STANDARD = "gnu++17";
				CLANG_CXX_LIBRARY = "libc++";
				CLANG_ENABLE_MODULES = YES;
				CLANG_ENABLE_OBJC_ARC = YES;
				CLANG_ENABLE_OBJC_WEAK = YES;
				CLANG_WARN_BLOCK_CAPTURE_AUTORELEASING = YES;
				CLANG_WARN_BOOL_CONVERSION = YES;
				CLANG_WARN_COMMA = YES;
				CLANG_WARN_CONSTANT_CONVERSION = YES;
				CLANG_WARN_DEPRECATED_OBJC_IMPLEMENTATIONS = YES;
				CLANG_WARN_DIRECT_OBJC_ISA_USAGE = YES_ERROR;
				CLANG_WARN_DOCUMENTATION_COMMENTS = YES;
				CLANG_WARN_EMPTY_BODY = YES;
				CLANG_WARN_ENUM_CONVERSION = YES;
				CLANG_WARN_INFINITE_RECURSION = YES;
				CLANG_WARN_INT_CONVERSION = YES;
				CLANG_WARN_NON_LITERAL_NULL_CONVERSION = YES;
				CLANG_WARN_OBJC_IMPLICIT_RETAIN_SELF = YES;
				CLANG_WARN_OBJC_LITERAL_CONVERSION = YES;
				CLANG_WARN_OBJC_ROOT_CLASS = YES_ERROR;
				CLANG_WARN_QUOTED_INCLUDE_IN_FRAMEWORK_HEADER = YES;
				CLANG_WARN_RANGE_LOOP_ANALYSIS = YES;
				CLANG_WARN_STRICT_PROTOTYPES = YES;
				CLANG_WARN_SUSPICIOUS_MOVE = YES;
				CLANG_WARN_UNGUARDED_AVAILABILITY = YES_AGGRESSIVE;
				CLANG_WARN_UNREACHABLE_CODE = YES;
				CLANG_WARN__DUPLICATE_METHOD_MATCH = YES;
				COPY_PHASE_STRIP = NO;
				DEBUG_INFORMATION_FORMAT = dwarf;
				ENABLE_STRICT_OBJC_MSGSEND = YES;
				ENABLE_TESTABILITY = YES;
				GCC_C_LANGUAGE_STANDARD = gnu11;
				GCC_DYNAMIC_NO_PIC = NO;
				GCC_NO_COMMON_BLOCKS = YES;
				GCC_OPTIMIZATION_LEVEL = 0;
				GCC_PREPROCESSOR_DEFINITIONS = (
					"DEBUG=1",
					"$(inherited)",
				);
				GCC_WARN_64_TO_32_BIT_CONVERSION = YES;
				GCC_WARN_ABOUT_RETURN_TYPE = YES_ERROR;
				GCC_WARN_UNDECLARED_SELECTOR = YES;
				GCC_WARN_UNINITIALIZED_AUTOS = YES_AGGRESSIVE;
				GCC_WARN_UNUSED_FUNCTION = YES;
				GCC_WARN_UNUSED_VARIABLE = YES;
				IPHONEOS_DEPLOYMENT_TARGET = 15.0;
				MTL_ENABLE_DEBUG_INFO = INCLUDE_SOURCE;
				MTL_FAST_MATH = YES;
				ONLY_ACTIVE_ARCH = YES;
				SDKROOT = iphoneos;
				SWIFT_ACTIVE_COMPILATION_CONDITIONS = DEBUG;
				SWIFT_OPTIMIZATION_LEVEL = "-Onone";
			};
			name = Debug;
		};
		4A2A3BCA27BFEBDB0061788A /* Release */ = {
			isa = XCBuildConfiguration;
			buildSettings = {
				ALWAYS_SEARCH_USER_PATHS = NO;
				CLANG_ANALYZER_NONNULL = YES;
				CLANG_ANALYZER_NUMBER_OBJECT_CONVERSION = YES_AGGRESSIVE;
				CLANG_CXX_LANGUAGE_STANDARD = "gnu++17";
				CLANG_CXX_LIBRARY = "libc++";
				CLANG_ENABLE_MODULES = YES;
				CLANG_ENABLE_OBJC_ARC = YES;
				CLANG_ENABLE_OBJC_WEAK = YES;
				CLANG_WARN_BLOCK_CAPTURE_AUTORELEASING = YES;
				CLANG_WARN_BOOL_CONVERSION = YES;
				CLANG_WARN_COMMA = YES;
				CLANG_WARN_CONSTANT_CONVERSION = YES;
				CLANG_WARN_DEPRECATED_OBJC_IMPLEMENTATIONS = YES;
				CLANG_WARN_DIRECT_OBJC_ISA_USAGE = YES_ERROR;
				CLANG_WARN_DOCUMENTATION_COMMENTS = YES;
				CLANG_WARN_EMPTY_BODY = YES;
				CLANG_WARN_ENUM_CONVERSION = YES;
				CLANG_WARN_INFINITE_RECURSION = YES;
				CLANG_WARN_INT_CONVERSION = YES;
				CLANG_WARN_NON_LITERAL_NULL_CONVERSION = YES;
				CLANG_WARN_OBJC_IMPLICIT_RETAIN_SELF = YES;
				CLANG_WARN_OBJC_LITERAL_CONVERSION = YES;
				CLANG_WARN_OBJC_ROOT_CLASS = YES_ERROR;
				CLANG_WARN_QUOTED_INCLUDE_IN_FRAMEWORK_HEADER = YES;
				CLANG_WARN_RANGE_LOOP_ANALYSIS = YES;
				CLANG_WARN_STRICT_PROTOTYPES = YES;
				CLANG_WARN_SUSPICIOUS_MOVE = YES;
				CLANG_WARN_UNGUARDED_AVAILABILITY = YES_AGGRESSIVE;
				CLANG_WARN_UNREACHABLE_CODE = YES;
				CLANG_WARN__DUPLICATE_METHOD_MATCH = YES;
				COPY_PHASE_STRIP = NO;
				DEBUG_INFORMATION_FORMAT = "dwarf-with-dsym";
				ENABLE_NS_ASSERTIONS = NO;
				ENABLE_STRICT_OBJC_MSGSEND = YES;
				GCC_C_LANGUAGE_STANDARD = gnu11;
				GCC_NO_COMMON_BLOCKS = YES;
				GCC_WARN_64_TO_32_BIT_CONVERSION = YES;
				GCC_WARN_ABOUT_RETURN_TYPE = YES_ERROR;
				GCC_WARN_UNDECLARED_SELECTOR = YES;
				GCC_WARN_UNINITIALIZED_AUTOS = YES_AGGRESSIVE;
				GCC_WARN_UNUSED_FUNCTION = YES;
				GCC_WARN_UNUSED_VARIABLE = YES;
				IPHONEOS_DEPLOYMENT_TARGET = 15.0;
				MTL_ENABLE_DEBUG_INFO = NO;
				MTL_FAST_MATH = YES;
				SDKROOT = iphoneos;
				SWIFT_COMPILATION_MODE = wholemodule;
				SWIFT_OPTIMIZATION_LEVEL = "-O";
				VALIDATE_PRODUCT = YES;
			};
			name = Release;
		};
		4A2A3BCC27BFEBDB0061788A /* Debug */ = {
			isa = XCBuildConfiguration;
			buildSettings = {
				ASSETCATALOG_COMPILER_APPICON_NAME = AppIcon;
				ASSETCATALOG_COMPILER_GLOBAL_ACCENT_COLOR_NAME = AccentColor;
				CODE_SIGN_STYLE = Automatic;
				CURRENT_PROJECT_VERSION = 6;
				DEVELOPMENT_TEAM = 8N8UMHC9XJ;
				GENERATE_INFOPLIST_FILE = YES;
				INFOPLIST_KEY_UIApplicationSupportsIndirectInputEvents = YES;
				INFOPLIST_KEY_UILaunchStoryboardName = LaunchScreen;
				INFOPLIST_KEY_UIMainStoryboardFile = Main;
				INFOPLIST_KEY_UIStatusBarHidden = YES;
				INFOPLIST_KEY_UISupportedInterfaceOrientations = UIInterfaceOrientationPortrait;
				INFOPLIST_KEY_UISupportedInterfaceOrientations_iPad = "UIInterfaceOrientationPortrait UIInterfaceOrientationPortraitUpsideDown UIInterfaceOrientationLandscapeLeft UIInterfaceOrientationLandscapeRight";
				INFOPLIST_KEY_UISupportedInterfaceOrientations_iPhone = UIInterfaceOrientationPortrait;
				LD_RUNPATH_SEARCH_PATHS = (
					"$(inherited)",
					"@executable_path/Frameworks",
				);
				MARKETING_VERSION = 1.1;
				PRODUCT_BUNDLE_IDENTIFIER = "AppleAcademy.Specular-Game";
				PRODUCT_NAME = "$(TARGET_NAME)";
				SWIFT_EMIT_LOC_STRINGS = YES;
				SWIFT_VERSION = 5.0;
				TARGETED_DEVICE_FAMILY = "1,2";
			};
			name = Debug;
		};
		4A2A3BCD27BFEBDB0061788A /* Release */ = {
			isa = XCBuildConfiguration;
			buildSettings = {
				ASSETCATALOG_COMPILER_APPICON_NAME = AppIcon;
				ASSETCATALOG_COMPILER_GLOBAL_ACCENT_COLOR_NAME = AccentColor;
				CODE_SIGN_STYLE = Automatic;
				CURRENT_PROJECT_VERSION = 6;
				DEVELOPMENT_TEAM = 8N8UMHC9XJ;
				GENERATE_INFOPLIST_FILE = YES;
				INFOPLIST_KEY_UIApplicationSupportsIndirectInputEvents = YES;
				INFOPLIST_KEY_UILaunchStoryboardName = LaunchScreen;
				INFOPLIST_KEY_UIMainStoryboardFile = Main;
				INFOPLIST_KEY_UIStatusBarHidden = YES;
				INFOPLIST_KEY_UISupportedInterfaceOrientations = UIInterfaceOrientationPortrait;
				INFOPLIST_KEY_UISupportedInterfaceOrientations_iPad = "UIInterfaceOrientationPortrait UIInterfaceOrientationPortraitUpsideDown UIInterfaceOrientationLandscapeLeft UIInterfaceOrientationLandscapeRight";
				INFOPLIST_KEY_UISupportedInterfaceOrientations_iPhone = UIInterfaceOrientationPortrait;
				LD_RUNPATH_SEARCH_PATHS = (
					"$(inherited)",
					"@executable_path/Frameworks",
				);
				MARKETING_VERSION = 1.1;
				PRODUCT_BUNDLE_IDENTIFIER = "AppleAcademy.Specular-Game";
				PRODUCT_NAME = "$(TARGET_NAME)";
				SWIFT_EMIT_LOC_STRINGS = YES;
				SWIFT_VERSION = 5.0;
				TARGETED_DEVICE_FAMILY = "1,2";
			};
			name = Release;
		};
/* End XCBuildConfiguration section */

/* Begin XCConfigurationList section */
		4A2A3BAF27BFEBDA0061788A /* Build configuration list for PBXProject "Specular-Game" */ = {
			isa = XCConfigurationList;
			buildConfigurations = (
				4A2A3BC927BFEBDB0061788A /* Debug */,
				4A2A3BCA27BFEBDB0061788A /* Release */,
			);
			defaultConfigurationIsVisible = 0;
			defaultConfigurationName = Release;
		};
		4A2A3BCB27BFEBDB0061788A /* Build configuration list for PBXNativeTarget "Specular-Game" */ = {
			isa = XCConfigurationList;
			buildConfigurations = (
				4A2A3BCC27BFEBDB0061788A /* Debug */,
				4A2A3BCD27BFEBDB0061788A /* Release */,
			);
			defaultConfigurationIsVisible = 0;
			defaultConfigurationName = Release;
		};
/* End XCConfigurationList section */
	};
	rootObject = 4A2A3BAC27BFEBDA0061788A /* Project object */;
}
